// !$*UTF8*$!
{
	archiveVersion = 1;
	classes = {
	};
	objectVersion = 46;
	objects = {

/* Begin PBXBuildFile section */
		CA007144184F4CA200AA3CF0 /* BlueDefault.png in Resources */ = {isa = PBXBuildFile; fileRef = CA007143184F4CA200AA3CF0 /* BlueDefault.png */; };
		CA007146184F4CAF00AA3CF0 /* GreenDefault.png in Resources */ = {isa = PBXBuildFile; fileRef = CA007145184F4CAF00AA3CF0 /* GreenDefault.png */; };
		CA007148184F4CBB00AA3CF0 /* RedDefault.png in Resources */ = {isa = PBXBuildFile; fileRef = CA007147184F4CBB00AA3CF0 /* RedDefault.png */; };
		CA00714A184F4CC600AA3CF0 /* YellowDefault.png in Resources */ = {isa = PBXBuildFile; fileRef = CA007149184F4CC600AA3CF0 /* YellowDefault.png */; };
		CA60F674184C75200013E43D /* MainLogo.png in Resources */ = {isa = PBXBuildFile; fileRef = CA60F673184C75200013E43D /* MainLogo.png */; };
		CA60F67A184C78DC0013E43D /* GameScene.m in Sources */ = {isa = PBXBuildFile; fileRef = CA60F679184C78DC0013E43D /* GameScene.m */; };
		CA60F67D184C7A1B0013E43D /* DefaultBackgroundBorders.png in Resources */ = {isa = PBXBuildFile; fileRef = CA60F67C184C7A1B0013E43D /* DefaultBackgroundBorders.png */; };
		CA60F67F184C7A220013E43D /* DefaultBackgroundGrid.png in Resources */ = {isa = PBXBuildFile; fileRef = CA60F67E184C7A220013E43D /* DefaultBackgroundGrid.png */; };
		CA60F684184C7A710013E43D /* GameViewController.m in Sources */ = {isa = PBXBuildFile; fileRef = CA60F683184C7A710013E43D /* GameViewController.m */; };
		CAE0757D184DF080004990FE /* Block.m in Sources */ = {isa = PBXBuildFile; fileRef = CAE0757C184DF080004990FE /* Block.m */; };
		CAE07580184DF1B8004990FE /* Grid.m in Sources */ = {isa = PBXBuildFile; fileRef = CAE0757F184DF1B8004990FE /* Grid.m */; };
		CAE07583184DF8C7004990FE /* GameData.m in Sources */ = {isa = PBXBuildFile; fileRef = CAE07582184DF8C7004990FE /* GameData.m */; };
		CAE7E3661824E24F00A82831 /* Foundation.framework in Frameworks */ = {isa = PBXBuildFile; fileRef = CAE7E3651824E24F00A82831 /* Foundation.framework */; };
		CAE7E3681824E24F00A82831 /* CoreGraphics.framework in Frameworks */ = {isa = PBXBuildFile; fileRef = CAE7E3671824E24F00A82831 /* CoreGraphics.framework */; };
		CAE7E36A1824E24F00A82831 /* UIKit.framework in Frameworks */ = {isa = PBXBuildFile; fileRef = CAE7E3691824E24F00A82831 /* UIKit.framework */; };
		CAE7E36C1824E24F00A82831 /* SpriteKit.framework in Frameworks */ = {isa = PBXBuildFile; fileRef = CAE7E36B1824E24F00A82831 /* SpriteKit.framework */; };
		CAE7E3721824E24F00A82831 /* InfoPlist.strings in Resources */ = {isa = PBXBuildFile; fileRef = CAE7E3701824E24F00A82831 /* InfoPlist.strings */; };
		CAE7E3741824E24F00A82831 /* main.m in Sources */ = {isa = PBXBuildFile; fileRef = CAE7E3731824E24F00A82831 /* main.m */; };
		CAE7E3781824E24F00A82831 /* AppDelegate.m in Sources */ = {isa = PBXBuildFile; fileRef = CAE7E3771824E24F00A82831 /* AppDelegate.m */; };
		CAE7E37B1824E24F00A82831 /* Main_iPhone.storyboard in Resources */ = {isa = PBXBuildFile; fileRef = CAE7E3791824E24F00A82831 /* Main_iPhone.storyboard */; };
		CAE7E37E1824E24F00A82831 /* Main_iPad.storyboard in Resources */ = {isa = PBXBuildFile; fileRef = CAE7E37C1824E24F00A82831 /* Main_iPad.storyboard */; };
		CAE7E3811824E24F00A82831 /* MenuViewController.m in Sources */ = {isa = PBXBuildFile; fileRef = CAE7E3801824E24F00A82831 /* MenuViewController.m */; };
		CAE7E3841824E24F00A82831 /* MenuScene.m in Sources */ = {isa = PBXBuildFile; fileRef = CAE7E3831824E24F00A82831 /* MenuScene.m */; };
		CAE7E3881824E24F00A82831 /* Images.xcassets in Resources */ = {isa = PBXBuildFile; fileRef = CAE7E3871824E24F00A82831 /* Images.xcassets */; };
		CAE7E38F1824E25000A82831 /* XCTest.framework in Frameworks */ = {isa = PBXBuildFile; fileRef = CAE7E38E1824E25000A82831 /* XCTest.framework */; };
		CAE7E3901824E25000A82831 /* Foundation.framework in Frameworks */ = {isa = PBXBuildFile; fileRef = CAE7E3651824E24F00A82831 /* Foundation.framework */; };
		CAE7E3911824E25000A82831 /* UIKit.framework in Frameworks */ = {isa = PBXBuildFile; fileRef = CAE7E3691824E24F00A82831 /* UIKit.framework */; };
		CAE7E3991824E25000A82831 /* InfoPlist.strings in Resources */ = {isa = PBXBuildFile; fileRef = CAE7E3971824E25000A82831 /* InfoPlist.strings */; };
		CAE7E39B1824E25000A82831 /* BustinBlocksTests.m in Sources */ = {isa = PBXBuildFile; fileRef = CAE7E39A1824E25000A82831 /* BustinBlocksTests.m */; };
		CAEBD624184DE21800736B46 /* MenuBackground.png in Resources */ = {isa = PBXBuildFile; fileRef = CAEBD623184DE21800736B46 /* MenuBackground.png */; };
		CAEBD62A184DE78B00736B46 /* matchBox.png in Resources */ = {isa = PBXBuildFile; fileRef = CAEBD629184DE78B00736B46 /* matchBox.png */; };
/* End PBXBuildFile section */

/* Begin PBXContainerItemProxy section */
		CAE7E3921824E25000A82831 /* PBXContainerItemProxy */ = {
			isa = PBXContainerItemProxy;
			containerPortal = CAE7E35A1824E24F00A82831 /* Project object */;
			proxyType = 1;
			remoteGlobalIDString = CAE7E3611824E24F00A82831;
			remoteInfo = BustinBlocks;
		};
/* End PBXContainerItemProxy section */

/* Begin PBXFileReference section */
		CA007143184F4CA200AA3CF0 /* BlueDefault.png */ = {isa = PBXFileReference; lastKnownFileType = image.png; path = BlueDefault.png; sourceTree = "<group>"; };
		CA007145184F4CAF00AA3CF0 /* GreenDefault.png */ = {isa = PBXFileReference; lastKnownFileType = image.png; path = GreenDefault.png; sourceTree = "<group>"; };
		CA007147184F4CBB00AA3CF0 /* RedDefault.png */ = {isa = PBXFileReference; lastKnownFileType = image.png; path = RedDefault.png; sourceTree = "<group>"; };
		CA007149184F4CC600AA3CF0 /* YellowDefault.png */ = {isa = PBXFileReference; lastKnownFileType = image.png; path = YellowDefault.png; sourceTree = "<group>"; };
		CA60F673184C75200013E43D /* MainLogo.png */ = {isa = PBXFileReference; lastKnownFileType = image.png; path = MainLogo.png; sourceTree = "<group>"; };
		CA60F678184C78DC0013E43D /* GameScene.h */ = {isa = PBXFileReference; fileEncoding = 4; lastKnownFileType = sourcecode.c.h; path = GameScene.h; sourceTree = "<group>"; };
		CA60F679184C78DC0013E43D /* GameScene.m */ = {isa = PBXFileReference; fileEncoding = 4; lastKnownFileType = sourcecode.c.objc; path = GameScene.m; sourceTree = "<group>"; };
		CA60F67C184C7A1B0013E43D /* DefaultBackgroundBorders.png */ = {isa = PBXFileReference; lastKnownFileType = image.png; path = DefaultBackgroundBorders.png; sourceTree = "<group>"; };
		CA60F67E184C7A220013E43D /* DefaultBackgroundGrid.png */ = {isa = PBXFileReference; lastKnownFileType = image.png; path = DefaultBackgroundGrid.png; sourceTree = "<group>"; };
		CA60F682184C7A710013E43D /* GameViewController.h */ = {isa = PBXFileReference; fileEncoding = 4; lastKnownFileType = sourcecode.c.h; path = GameViewController.h; sourceTree = "<group>"; };
		CA60F683184C7A710013E43D /* GameViewController.m */ = {isa = PBXFileReference; fileEncoding = 4; lastKnownFileType = sourcecode.c.objc; path = GameViewController.m; sourceTree = "<group>"; };
		CAE0757B184DF080004990FE /* Block.h */ = {isa = PBXFileReference; fileEncoding = 4; lastKnownFileType = sourcecode.c.h; path = Block.h; sourceTree = "<group>"; };
		CAE0757C184DF080004990FE /* Block.m */ = {isa = PBXFileReference; fileEncoding = 4; lastKnownFileType = sourcecode.c.objc; path = Block.m; sourceTree = "<group>"; };
		CAE0757E184DF1B8004990FE /* Grid.h */ = {isa = PBXFileReference; fileEncoding = 4; lastKnownFileType = sourcecode.c.h; path = Grid.h; sourceTree = "<group>"; };
		CAE0757F184DF1B8004990FE /* Grid.m */ = {isa = PBXFileReference; fileEncoding = 4; lastKnownFileType = sourcecode.c.objc; path = Grid.m; sourceTree = "<group>"; };
		CAE07581184DF8C7004990FE /* GameData.h */ = {isa = PBXFileReference; fileEncoding = 4; lastKnownFileType = sourcecode.c.h; path = GameData.h; sourceTree = "<group>"; };
		CAE07582184DF8C7004990FE /* GameData.m */ = {isa = PBXFileReference; fileEncoding = 4; lastKnownFileType = sourcecode.c.objc; path = GameData.m; sourceTree = "<group>"; };
		CAE7E3621824E24F00A82831 /* BustinBlocks.app */ = {isa = PBXFileReference; explicitFileType = wrapper.application; includeInIndex = 0; path = BustinBlocks.app; sourceTree = BUILT_PRODUCTS_DIR; };
		CAE7E3651824E24F00A82831 /* Foundation.framework */ = {isa = PBXFileReference; lastKnownFileType = wrapper.framework; name = Foundation.framework; path = System/Library/Frameworks/Foundation.framework; sourceTree = SDKROOT; };
		CAE7E3671824E24F00A82831 /* CoreGraphics.framework */ = {isa = PBXFileReference; lastKnownFileType = wrapper.framework; name = CoreGraphics.framework; path = System/Library/Frameworks/CoreGraphics.framework; sourceTree = SDKROOT; };
		CAE7E3691824E24F00A82831 /* UIKit.framework */ = {isa = PBXFileReference; lastKnownFileType = wrapper.framework; name = UIKit.framework; path = System/Library/Frameworks/UIKit.framework; sourceTree = SDKROOT; };
		CAE7E36B1824E24F00A82831 /* SpriteKit.framework */ = {isa = PBXFileReference; lastKnownFileType = wrapper.framework; name = SpriteKit.framework; path = System/Library/Frameworks/SpriteKit.framework; sourceTree = SDKROOT; };
		CAE7E36F1824E24F00A82831 /* BustinBlocks-Info.plist */ = {isa = PBXFileReference; lastKnownFileType = text.plist.xml; path = "BustinBlocks-Info.plist"; sourceTree = "<group>"; };
		CAE7E3711824E24F00A82831 /* en */ = {isa = PBXFileReference; lastKnownFileType = text.plist.strings; name = en; path = en.lproj/InfoPlist.strings; sourceTree = "<group>"; };
		CAE7E3731824E24F00A82831 /* main.m */ = {isa = PBXFileReference; lastKnownFileType = sourcecode.c.objc; path = main.m; sourceTree = "<group>"; };
		CAE7E3751824E24F00A82831 /* BustinBlocks-Prefix.pch */ = {isa = PBXFileReference; lastKnownFileType = sourcecode.c.h; path = "BustinBlocks-Prefix.pch"; sourceTree = "<group>"; };
		CAE7E3761824E24F00A82831 /* AppDelegate.h */ = {isa = PBXFileReference; lastKnownFileType = sourcecode.c.h; path = AppDelegate.h; sourceTree = "<group>"; };
		CAE7E3771824E24F00A82831 /* AppDelegate.m */ = {isa = PBXFileReference; lastKnownFileType = sourcecode.c.objc; path = AppDelegate.m; sourceTree = "<group>"; };
		CAE7E37A1824E24F00A82831 /* Base */ = {isa = PBXFileReference; lastKnownFileType = file.storyboard; name = Base; path = Base.lproj/Main_iPhone.storyboard; sourceTree = "<group>"; };
		CAE7E37D1824E24F00A82831 /* Base */ = {isa = PBXFileReference; lastKnownFileType = file.storyboard; name = Base; path = Base.lproj/Main_iPad.storyboard; sourceTree = "<group>"; };
		CAE7E37F1824E24F00A82831 /* MenuViewController.h */ = {isa = PBXFileReference; lastKnownFileType = sourcecode.c.h; path = MenuViewController.h; sourceTree = "<group>"; };
		CAE7E3801824E24F00A82831 /* MenuViewController.m */ = {isa = PBXFileReference; lastKnownFileType = sourcecode.c.objc; path = MenuViewController.m; sourceTree = "<group>"; };
		CAE7E3821824E24F00A82831 /* MenuScene.h */ = {isa = PBXFileReference; lastKnownFileType = sourcecode.c.h; path = MenuScene.h; sourceTree = "<group>"; };
		CAE7E3831824E24F00A82831 /* MenuScene.m */ = {isa = PBXFileReference; lastKnownFileType = sourcecode.c.objc; path = MenuScene.m; sourceTree = "<group>"; };
		CAE7E3871824E24F00A82831 /* Images.xcassets */ = {isa = PBXFileReference; lastKnownFileType = folder.assetcatalog; path = Images.xcassets; sourceTree = "<group>"; };
		CAE7E38D1824E25000A82831 /* BustinBlocksTests.xctest */ = {isa = PBXFileReference; explicitFileType = wrapper.cfbundle; includeInIndex = 0; path = BustinBlocksTests.xctest; sourceTree = BUILT_PRODUCTS_DIR; };
		CAE7E38E1824E25000A82831 /* XCTest.framework */ = {isa = PBXFileReference; lastKnownFileType = wrapper.framework; name = XCTest.framework; path = Library/Frameworks/XCTest.framework; sourceTree = DEVELOPER_DIR; };
		CAE7E3961824E25000A82831 /* BustinBlocksTests-Info.plist */ = {isa = PBXFileReference; lastKnownFileType = text.plist.xml; path = "BustinBlocksTests-Info.plist"; sourceTree = "<group>"; };
		CAE7E3981824E25000A82831 /* en */ = {isa = PBXFileReference; lastKnownFileType = text.plist.strings; name = en; path = en.lproj/InfoPlist.strings; sourceTree = "<group>"; };
		CAE7E39A1824E25000A82831 /* BustinBlocksTests.m */ = {isa = PBXFileReference; lastKnownFileType = sourcecode.c.objc; path = BustinBlocksTests.m; sourceTree = "<group>"; };
		CAEBD623184DE21800736B46 /* MenuBackground.png */ = {isa = PBXFileReference; lastKnownFileType = image.png; path = MenuBackground.png; sourceTree = "<group>"; };
		CAEBD629184DE78B00736B46 /* matchBox.png */ = {isa = PBXFileReference; lastKnownFileType = image.png; path = matchBox.png; sourceTree = "<group>"; };
/* End PBXFileReference section */

/* Begin PBXFrameworksBuildPhase section */
		CAE7E35F1824E24F00A82831 /* Frameworks */ = {
			isa = PBXFrameworksBuildPhase;
			buildActionMask = 2147483647;
			files = (
				CAE7E3681824E24F00A82831 /* CoreGraphics.framework in Frameworks */,
				CAE7E36A1824E24F00A82831 /* UIKit.framework in Frameworks */,
				CAE7E36C1824E24F00A82831 /* SpriteKit.framework in Frameworks */,
				CAE7E3661824E24F00A82831 /* Foundation.framework in Frameworks */,
			);
			runOnlyForDeploymentPostprocessing = 0;
		};
		CAE7E38A1824E25000A82831 /* Frameworks */ = {
			isa = PBXFrameworksBuildPhase;
			buildActionMask = 2147483647;
			files = (
				CAE7E38F1824E25000A82831 /* XCTest.framework in Frameworks */,
				CAE7E3911824E25000A82831 /* UIKit.framework in Frameworks */,
				CAE7E3901824E25000A82831 /* Foundation.framework in Frameworks */,
			);
			runOnlyForDeploymentPostprocessing = 0;
		};
/* End PBXFrameworksBuildPhase section */

/* Begin PBXGroup section */
		CA00713E184F4C7D00AA3CF0 /* Blocks */ = {
			isa = PBXGroup;
			children = (
				CA007142184F4C9200AA3CF0 /* Yellow */,
				CA007141184F4C8D00AA3CF0 /* Red */,
				CA007140184F4C8900AA3CF0 /* Green */,
				CA00713F184F4C8400AA3CF0 /* Blue */,
			);
			name = Blocks;
			sourceTree = "<group>";
		};
		CA00713F184F4C8400AA3CF0 /* Blue */ = {
			isa = PBXGroup;
			children = (
				CA007143184F4CA200AA3CF0 /* BlueDefault.png */,
			);
			name = Blue;
			sourceTree = "<group>";
		};
		CA007140184F4C8900AA3CF0 /* Green */ = {
			isa = PBXGroup;
			children = (
				CA007145184F4CAF00AA3CF0 /* GreenDefault.png */,
			);
			name = Green;
			sourceTree = "<group>";
		};
		CA007141184F4C8D00AA3CF0 /* Red */ = {
			isa = PBXGroup;
			children = (
				CA007147184F4CBB00AA3CF0 /* RedDefault.png */,
			);
			name = Red;
			sourceTree = "<group>";
		};
		CA007142184F4C9200AA3CF0 /* Yellow */ = {
			isa = PBXGroup;
			children = (
				CA007149184F4CC600AA3CF0 /* YellowDefault.png */,
			);
			name = Yellow;
			sourceTree = "<group>";
		};
		CA60F66F184C5F6C0013E43D /* Assets */ = {
			isa = PBXGroup;
			children = (
				CA60F67B184C79E90013E43D /* Game */,
				CA60F670184C5F7C0013E43D /* Backgrounds */,
			);
			name = Assets;
			sourceTree = "<group>";
		};
		CA60F670184C5F7C0013E43D /* Backgrounds */ = {
			isa = PBXGroup;
			children = (
				CAEBD623184DE21800736B46 /* MenuBackground.png */,
				CA60F673184C75200013E43D /* MainLogo.png */,
			);
			name = Backgrounds;
			sourceTree = "<group>";
		};
		CA60F67B184C79E90013E43D /* Game */ = {
			isa = PBXGroup;
			children = (
				CA00713E184F4C7D00AA3CF0 /* Blocks */,
				CAEBD628184DE75000736B46 /* Objects */,
				CAEBD620184DD19D00736B46 /* Buttons */,
				CA60F681184C7A330013E43D /* BackgroundGrids */,
				CA60F680184C7A250013E43D /* BackgroundBorders */,
			);
			name = Game;
			sourceTree = "<group>";
		};
		CA60F680184C7A250013E43D /* BackgroundBorders */ = {
			isa = PBXGroup;
			children = (
				CA60F67C184C7A1B0013E43D /* DefaultBackgroundBorders.png */,
			);
			name = BackgroundBorders;
			sourceTree = "<group>";
		};
		CA60F681184C7A330013E43D /* BackgroundGrids */ = {
			isa = PBXGroup;
			children = (
				CA60F67E184C7A220013E43D /* DefaultBackgroundGrid.png */,
			);
			name = BackgroundGrids;
			sourceTree = "<group>";
		};
		CAC486FF18B707EF004D8331 /* Views */ = {
			isa = PBXGroup;
			children = (
				CAE7E3821824E24F00A82831 /* MenuScene.h */,
				CAE7E3831824E24F00A82831 /* MenuScene.m */,
				CA60F678184C78DC0013E43D /* GameScene.h */,
				CA60F679184C78DC0013E43D /* GameScene.m */,
				CAE7E3791824E24F00A82831 /* Main_iPhone.storyboard */,
				CAE7E37C1824E24F00A82831 /* Main_iPad.storyboard */,
			);
			name = Views;
			sourceTree = "<group>";
		};
		CAC4870018B707F8004D8331 /* Controllers */ = {
			isa = PBXGroup;
			children = (
				CA60F682184C7A710013E43D /* GameViewController.h */,
				CA60F683184C7A710013E43D /* GameViewController.m */,
				CAE7E37F1824E24F00A82831 /* MenuViewController.h */,
				CAE7E3801824E24F00A82831 /* MenuViewController.m */,
			);
			name = Controllers;
			sourceTree = "<group>";
		};
		CAE07579184DF058004990FE /* Models */ = {
			isa = PBXGroup;
			children = (
				CAE0757B184DF080004990FE /* Block.h */,
				CAE0757C184DF080004990FE /* Block.m */,
				CAE0757E184DF1B8004990FE /* Grid.h */,
				CAE0757F184DF1B8004990FE /* Grid.m */,
				CAE07581184DF8C7004990FE /* GameData.h */,
				CAE07582184DF8C7004990FE /* GameData.m */,
			);
			name = Models;
			sourceTree = "<group>";
		};
		CAE7E3591824E24F00A82831 = {
			isa = PBXGroup;
			children = (
				CAE7E36D1824E24F00A82831 /* BustinBlocks */,
				CAE7E3941824E25000A82831 /* BustinBlocksTests */,
				CAE7E3641824E24F00A82831 /* Frameworks */,
				CAE7E3631824E24F00A82831 /* Products */,
			);
			sourceTree = "<group>";
		};
		CAE7E3631824E24F00A82831 /* Products */ = {
			isa = PBXGroup;
			children = (
				CAE7E3621824E24F00A82831 /* BustinBlocks.app */,
				CAE7E38D1824E25000A82831 /* BustinBlocksTests.xctest */,
			);
			name = Products;
			sourceTree = "<group>";
		};
		CAE7E3641824E24F00A82831 /* Frameworks */ = {
			isa = PBXGroup;
			children = (
				CAE7E3651824E24F00A82831 /* Foundation.framework */,
				CAE7E3671824E24F00A82831 /* CoreGraphics.framework */,
				CAE7E3691824E24F00A82831 /* UIKit.framework */,
				CAE7E36B1824E24F00A82831 /* SpriteKit.framework */,
				CAE7E38E1824E25000A82831 /* XCTest.framework */,
			);
			name = Frameworks;
			sourceTree = "<group>";
		};
		CAE7E36D1824E24F00A82831 /* BustinBlocks */ = {
			isa = PBXGroup;
			children = (
				CAE7E3761824E24F00A82831 /* AppDelegate.h */,
				CAE7E3771824E24F00A82831 /* AppDelegate.m */,
				CA60F66F184C5F6C0013E43D /* Assets */,
				CAC4870018B707F8004D8331 /* Controllers */,
				CAC486FF18B707EF004D8331 /* Views */,
				CAE07579184DF058004990FE /* Models */,
				CAE7E3871824E24F00A82831 /* Images.xcassets */,
				CAE7E36E1824E24F00A82831 /* Supporting Files */,
			);
			path = BustinBlocks;
			sourceTree = "<group>";
		};
		CAE7E36E1824E24F00A82831 /* Supporting Files */ = {
			isa = PBXGroup;
			children = (
				CAE7E36F1824E24F00A82831 /* BustinBlocks-Info.plist */,
				CAE7E3701824E24F00A82831 /* InfoPlist.strings */,
				CAE7E3731824E24F00A82831 /* main.m */,
				CAE7E3751824E24F00A82831 /* BustinBlocks-Prefix.pch */,
			);
			name = "Supporting Files";
			sourceTree = "<group>";
		};
		CAE7E3941824E25000A82831 /* BustinBlocksTests */ = {
			isa = PBXGroup;
			children = (
				CAE7E39A1824E25000A82831 /* BustinBlocksTests.m */,
				CAE7E3951824E25000A82831 /* Supporting Files */,
			);
			path = BustinBlocksTests;
			sourceTree = "<group>";
		};
		CAE7E3951824E25000A82831 /* Supporting Files */ = {
			isa = PBXGroup;
			children = (
				CAE7E3961824E25000A82831 /* BustinBlocksTests-Info.plist */,
				CAE7E3971824E25000A82831 /* InfoPlist.strings */,
			);
			name = "Supporting Files";
			sourceTree = "<group>";
		};
		CAEBD620184DD19D00736B46 /* Buttons */ = {
			isa = PBXGroup;
			children = (
			);
			name = Buttons;
			sourceTree = "<group>";
		};
		CAEBD628184DE75000736B46 /* Objects */ = {
			isa = PBXGroup;
			children = (
				CAEBD629184DE78B00736B46 /* matchBox.png */,
			);
			name = Objects;
			sourceTree = "<group>";
		};
/* End PBXGroup section */

/* Begin PBXNativeTarget section */
		CAE7E3611824E24F00A82831 /* BustinBlocks */ = {
			isa = PBXNativeTarget;
			buildConfigurationList = CAE7E39E1824E25000A82831 /* Build configuration list for PBXNativeTarget "BustinBlocks" */;
			buildPhases = (
				CAE7E35E1824E24F00A82831 /* Sources */,
				CAE7E35F1824E24F00A82831 /* Frameworks */,
				CAE7E3601824E24F00A82831 /* Resources */,
			);
			buildRules = (
			);
			dependencies = (
			);
			name = BustinBlocks;
			productName = BustinBlocks;
			productReference = CAE7E3621824E24F00A82831 /* BustinBlocks.app */;
			productType = "com.apple.product-type.application";
		};
		CAE7E38C1824E25000A82831 /* BustinBlocksTests */ = {
			isa = PBXNativeTarget;
			buildConfigurationList = CAE7E3A11824E25000A82831 /* Build configuration list for PBXNativeTarget "BustinBlocksTests" */;
			buildPhases = (
				CAE7E3891824E25000A82831 /* Sources */,
				CAE7E38A1824E25000A82831 /* Frameworks */,
				CAE7E38B1824E25000A82831 /* Resources */,
			);
			buildRules = (
			);
			dependencies = (
				CAE7E3931824E25000A82831 /* PBXTargetDependency */,
			);
			name = BustinBlocksTests;
			productName = BustinBlocksTests;
			productReference = CAE7E38D1824E25000A82831 /* BustinBlocksTests.xctest */;
			productType = "com.apple.product-type.bundle.unit-test";
		};
/* End PBXNativeTarget section */

/* Begin PBXProject section */
		CAE7E35A1824E24F00A82831 /* Project object */ = {
			isa = PBXProject;
			attributes = {
				LastUpgradeCheck = 0500;
				ORGANIZATIONNAME = Semisubzero;
				TargetAttributes = {
					CAE7E38C1824E25000A82831 = {
						TestTargetID = CAE7E3611824E24F00A82831;
					};
				};
			};
			buildConfigurationList = CAE7E35D1824E24F00A82831 /* Build configuration list for PBXProject "BustinBlocks" */;
			compatibilityVersion = "Xcode 3.2";
			developmentRegion = English;
			hasScannedForEncodings = 0;
			knownRegions = (
				en,
				Base,
			);
			mainGroup = CAE7E3591824E24F00A82831;
			productRefGroup = CAE7E3631824E24F00A82831 /* Products */;
			projectDirPath = "";
			projectRoot = "";
			targets = (
				CAE7E3611824E24F00A82831 /* BustinBlocks */,
				CAE7E38C1824E25000A82831 /* BustinBlocksTests */,
			);
		};
/* End PBXProject section */

/* Begin PBXResourcesBuildPhase section */
		CAE7E3601824E24F00A82831 /* Resources */ = {
			isa = PBXResourcesBuildPhase;
			buildActionMask = 2147483647;
			files = (
				CA60F67D184C7A1B0013E43D /* DefaultBackgroundBorders.png in Resources */,
				CA00714A184F4CC600AA3CF0 /* YellowDefault.png in Resources */,
				CA007144184F4CA200AA3CF0 /* BlueDefault.png in Resources */,
				CAEBD62A184DE78B00736B46 /* matchBox.png in Resources */,
				CAE7E3881824E24F00A82831 /* Images.xcassets in Resources */,
				CAEBD624184DE21800736B46 /* MenuBackground.png in Resources */,
				CA60F67F184C7A220013E43D /* DefaultBackgroundGrid.png in Resources */,
				CAE7E37E1824E24F00A82831 /* Main_iPad.storyboard in Resources */,
				CAE7E37B1824E24F00A82831 /* Main_iPhone.storyboard in Resources */,
				CA007146184F4CAF00AA3CF0 /* GreenDefault.png in Resources */,
				CA60F674184C75200013E43D /* MainLogo.png in Resources */,
				CA007148184F4CBB00AA3CF0 /* RedDefault.png in Resources */,
				CAE7E3721824E24F00A82831 /* InfoPlist.strings in Resources */,
			);
			runOnlyForDeploymentPostprocessing = 0;
		};
		CAE7E38B1824E25000A82831 /* Resources */ = {
			isa = PBXResourcesBuildPhase;
			buildActionMask = 2147483647;
			files = (
				CAE7E3991824E25000A82831 /* InfoPlist.strings in Resources */,
			);
			runOnlyForDeploymentPostprocessing = 0;
		};
/* End PBXResourcesBuildPhase section */

/* Begin PBXSourcesBuildPhase section */
		CAE7E35E1824E24F00A82831 /* Sources */ = {
			isa = PBXSourcesBuildPhase;
			buildActionMask = 2147483647;
			files = (
				CAE07583184DF8C7004990FE /* GameData.m in Sources */,
				CAE7E3841824E24F00A82831 /* MenuScene.m in Sources */,
				CAE7E3811824E24F00A82831 /* MenuViewController.m in Sources */,
				CA60F67A184C78DC0013E43D /* GameScene.m in Sources */,
				CAE7E3781824E24F00A82831 /* AppDelegate.m in Sources */,
				CAE0757D184DF080004990FE /* Block.m in Sources */,
				CA60F684184C7A710013E43D /* GameViewController.m in Sources */,
				CAE7E3741824E24F00A82831 /* main.m in Sources */,
				CAE07580184DF1B8004990FE /* Grid.m in Sources */,
			);
			runOnlyForDeploymentPostprocessing = 0;
		};
		CAE7E3891824E25000A82831 /* Sources */ = {
			isa = PBXSourcesBuildPhase;
			buildActionMask = 2147483647;
			files = (
				CAE7E39B1824E25000A82831 /* BustinBlocksTests.m in Sources */,
			);
			runOnlyForDeploymentPostprocessing = 0;
		};
/* End PBXSourcesBuildPhase section */

/* Begin PBXTargetDependency section */
		CAE7E3931824E25000A82831 /* PBXTargetDependency */ = {
			isa = PBXTargetDependency;
			target = CAE7E3611824E24F00A82831 /* BustinBlocks */;
			targetProxy = CAE7E3921824E25000A82831 /* PBXContainerItemProxy */;
		};
/* End PBXTargetDependency section */

/* Begin PBXVariantGroup section */
		CAE7E3701824E24F00A82831 /* InfoPlist.strings */ = {
			isa = PBXVariantGroup;
			children = (
				CAE7E3711824E24F00A82831 /* en */,
			);
			name = InfoPlist.strings;
			sourceTree = "<group>";
		};
		CAE7E3791824E24F00A82831 /* Main_iPhone.storyboard */ = {
			isa = PBXVariantGroup;
			children = (
				CAE7E37A1824E24F00A82831 /* Base */,
			);
			name = Main_iPhone.storyboard;
			sourceTree = "<group>";
		};
		CAE7E37C1824E24F00A82831 /* Main_iPad.storyboard */ = {
			isa = PBXVariantGroup;
			children = (
				CAE7E37D1824E24F00A82831 /* Base */,
			);
			name = Main_iPad.storyboard;
			sourceTree = "<group>";
		};
		CAE7E3971824E25000A82831 /* InfoPlist.strings */ = {
			isa = PBXVariantGroup;
			children = (
				CAE7E3981824E25000A82831 /* en */,
			);
			name = InfoPlist.strings;
			sourceTree = "<group>";
		};
/* End PBXVariantGroup section */

/* Begin XCBuildConfiguration section */
		CAE7E39C1824E25000A82831 /* Debug */ = {
			isa = XCBuildConfiguration;
			buildSettings = {
				ALWAYS_SEARCH_USER_PATHS = NO;
				ARCHS = "$(ARCHS_STANDARD_INCLUDING_64_BIT)";
				CLANG_CXX_LANGUAGE_STANDARD = "gnu++0x";
				CLANG_CXX_LIBRARY = "libc++";
				CLANG_ENABLE_MODULES = YES;
				CLANG_ENABLE_OBJC_ARC = YES;
				CLANG_WARN_BOOL_CONVERSION = YES;
				CLANG_WARN_CONSTANT_CONVERSION = YES;
				CLANG_WARN_DIRECT_OBJC_ISA_USAGE = YES_ERROR;
				CLANG_WARN_EMPTY_BODY = YES;
				CLANG_WARN_ENUM_CONVERSION = YES;
				CLANG_WARN_INT_CONVERSION = YES;
				CLANG_WARN_OBJC_ROOT_CLASS = YES_ERROR;
				CLANG_WARN__DUPLICATE_METHOD_MATCH = YES;
				"CODE_SIGN_IDENTITY[sdk=iphoneos*]" = "iPhone Developer";
				COPY_PHASE_STRIP = NO;
				GCC_C_LANGUAGE_STANDARD = gnu99;
				GCC_DYNAMIC_NO_PIC = NO;
				GCC_OPTIMIZATION_LEVEL = 0;
				GCC_PREPROCESSOR_DEFINITIONS = (
					"DEBUG=1",
					"$(inherited)",
				);
				GCC_SYMBOLS_PRIVATE_EXTERN = NO;
				GCC_WARN_64_TO_32_BIT_CONVERSION = YES;
				GCC_WARN_ABOUT_RETURN_TYPE = YES_ERROR;
				GCC_WARN_UNDECLARED_SELECTOR = YES;
				GCC_WARN_UNINITIALIZED_AUTOS = YES;
				GCC_WARN_UNUSED_FUNCTION = YES;
				GCC_WARN_UNUSED_VARIABLE = YES;
				IPHONEOS_DEPLOYMENT_TARGET = 7.0;
				ONLY_ACTIVE_ARCH = YES;
				SDKROOT = iphoneos;
				TARGETED_DEVICE_FAMILY = "1,2";
			};
			name = Debug;
		};
		CAE7E39D1824E25000A82831 /* Release */ = {
			isa = XCBuildConfiguration;
			buildSettings = {
				ALWAYS_SEARCH_USER_PATHS = NO;
				ARCHS = "$(ARCHS_STANDARD_INCLUDING_64_BIT)";
				CLANG_CXX_LANGUAGE_STANDARD = "gnu++0x";
				CLANG_CXX_LIBRARY = "libc++";
				CLANG_ENABLE_MODULES = YES;
				CLANG_ENABLE_OBJC_ARC = YES;
				CLANG_WARN_BOOL_CONVERSION = YES;
				CLANG_WARN_CONSTANT_CONVERSION = YES;
				CLANG_WARN_DIRECT_OBJC_ISA_USAGE = YES_ERROR;
				CLANG_WARN_EMPTY_BODY = YES;
				CLANG_WARN_ENUM_CONVERSION = YES;
				CLANG_WARN_INT_CONVERSION = YES;
				CLANG_WARN_OBJC_ROOT_CLASS = YES_ERROR;
				CLANG_WARN__DUPLICATE_METHOD_MATCH = YES;
				"CODE_SIGN_IDENTITY[sdk=iphoneos*]" = "iPhone Developer";
				COPY_PHASE_STRIP = YES;
				ENABLE_NS_ASSERTIONS = NO;
				GCC_C_LANGUAGE_STANDARD = gnu99;
				GCC_WARN_64_TO_32_BIT_CONVERSION = YES;
				GCC_WARN_ABOUT_RETURN_TYPE = YES_ERROR;
				GCC_WARN_UNDECLARED_SELECTOR = YES;
				GCC_WARN_UNINITIALIZED_AUTOS = YES;
				GCC_WARN_UNUSED_FUNCTION = YES;
				GCC_WARN_UNUSED_VARIABLE = YES;
				IPHONEOS_DEPLOYMENT_TARGET = 7.0;
				SDKROOT = iphoneos;
				TARGETED_DEVICE_FAMILY = "1,2";
				VALIDATE_PRODUCT = YES;
			};
			name = Release;
		};
		CAE7E39F1824E25000A82831 /* Debug */ = {
			isa = XCBuildConfiguration;
			buildSettings = {
				ASSETCATALOG_COMPILER_APPICON_NAME = AppIcon;
				ASSETCATALOG_COMPILER_LAUNCHIMAGE_NAME = LaunchImage;
				GCC_PRECOMPILE_PREFIX_HEADER = YES;
				GCC_PREFIX_HEADER = "BustinBlocks/BustinBlocks-Prefix.pch";
				INFOPLIST_FILE = "BustinBlocks/BustinBlocks-Info.plist";
				PRODUCT_NAME = "$(TARGET_NAME)";
				SPRITEKIT_TEXTURE_ATLAS_OUTPUT = YES;
				WRAPPER_EXTENSION = app;
			};
			name = Debug;
		};
		CAE7E3A01824E25000A82831 /* Release */ = {
			isa = XCBuildConfiguration;
			buildSettings = {
				ASSETCATALOG_COMPILER_APPICON_NAME = AppIcon;
				ASSETCATALOG_COMPILER_LAUNCHIMAGE_NAME = LaunchImage;
				GCC_PRECOMPILE_PREFIX_HEADER = YES;
				GCC_PREFIX_HEADER = "BustinBlocks/BustinBlocks-Prefix.pch";
				INFOPLIST_FILE = "BustinBlocks/BustinBlocks-Info.plist";
				PRODUCT_NAME = "$(TARGET_NAME)";
				SPRITEKIT_TEXTURE_ATLAS_OUTPUT = YES;
				WRAPPER_EXTENSION = app;
			};
			name = Release;
		};
		CAE7E3A21824E25000A82831 /* Debug */ = {
			isa = XCBuildConfiguration;
			buildSettings = {
				ARCHS = "$(ARCHS_STANDARD_INCLUDING_64_BIT)";
				BUNDLE_LOADER = "$(BUILT_PRODUCTS_DIR)/BustinBlocks.app/BustinBlocks";
				FRAMEWORK_SEARCH_PATHS = (
					"$(SDKROOT)/Developer/Library/Frameworks",
					"$(inherited)",
					"$(DEVELOPER_FRAMEWORKS_DIR)",
				);
				GCC_PRECOMPILE_PREFIX_HEADER = YES;
				GCC_PREFIX_HEADER = "BustinBlocks/BustinBlocks-Prefix.pch";
				GCC_PREPROCESSOR_DEFINITIONS = (
					"DEBUG=1",
					"$(inherited)",
				);
				INFOPLIST_FILE = "BustinBlocksTests/BustinBlocksTests-Info.plist";
				PRODUCT_NAME = "$(TARGET_NAME)";
				TEST_HOST = "$(BUNDLE_LOADER)";
				WRAPPER_EXTENSION = xctest;
			};
			name = Debug;
		};
		CAE7E3A31824E25000A82831 /* Release */ = {
			isa = XCBuildConfiguration;
			buildSettings = {
				ARCHS = "$(ARCHS_STANDARD_INCLUDING_64_BIT)";
				BUNDLE_LOADER = "$(BUILT_PRODUCTS_DIR)/BustinBlocks.app/BustinBlocks";
				FRAMEWORK_SEARCH_PATHS = (
					"$(SDKROOT)/Developer/Library/Frameworks",
					"$(inherited)",
					"$(DEVELOPER_FRAMEWORKS_DIR)",
				);
				GCC_PRECOMPILE_PREFIX_HEADER = YES;
				GCC_PREFIX_HEADER = "BustinBlocks/BustinBlocks-Prefix.pch";
				INFOPLIST_FILE = "BustinBlocksTests/BustinBlocksTests-Info.plist";
				PRODUCT_NAME = "$(TARGET_NAME)";
				TEST_HOST = "$(BUNDLE_LOADER)";
				WRAPPER_EXTENSION = xctest;
			};
			name = Release;
		};
/* End XCBuildConfiguration section */

/* Begin XCConfigurationList section */
		CAE7E35D1824E24F00A82831 /* Build configuration list for PBXProject "BustinBlocks" */ = {
			isa = XCConfigurationList;
			buildConfigurations = (
				CAE7E39C1824E25000A82831 /* Debug */,
				CAE7E39D1824E25000A82831 /* Release */,
			);
			defaultConfigurationIsVisible = 0;
			defaultConfigurationName = Release;
		};
		CAE7E39E1824E25000A82831 /* Build configuration list for PBXNativeTarget "BustinBlocks" */ = {
			isa = XCConfigurationList;
			buildConfigurations = (
				CAE7E39F1824E25000A82831 /* Debug */,
				CAE7E3A01824E25000A82831 /* Release */,
			);
			defaultConfigurationIsVisible = 0;
			defaultConfigurationName = Release;
		};
		CAE7E3A11824E25000A82831 /* Build configuration list for PBXNativeTarget "BustinBlocksTests" */ = {
			isa = XCConfigurationList;
			buildConfigurations = (
				CAE7E3A21824E25000A82831 /* Debug */,
				CAE7E3A31824E25000A82831 /* Release */,
			);
			defaultConfigurationIsVisible = 0;
			defaultConfigurationName = Release;
		};
/* End XCConfigurationList section */
	};
	rootObject = CAE7E35A1824E24F00A82831 /* Project object */;
}
